<Solution>
  <Folder Name="/src/">
    <Project Path="src/Umbral.Application/Umbral.Application.csproj" />
    <Project Path="src/Umbral.Domain/Umbral.Domain.csproj" />
    <Project Path="src/Umbral.Infrastructure/Umbral.Infrastructure.csproj" />
  </Folder>
  <Project Path="src/Umbral.Api/Umbral.Api.csproj" />
</Solution>
